PODS:
  - React/Core (0.27.2)
  - React/RCTImage (0.27.2):
    - React/Core
    - React/RCTNetwork
  - React/RCTNetwork (0.27.2):
    - React/Core
  - React/RCTText (0.27.2):
    - React/Core
  - React/RCTWebSocket (0.27.2):
    - React/Core

DEPENDENCIES:
  - React/Core (from `../node_modules/react-native`)
  - React/RCTImage (from `../node_modules/react-native`)
  - React/RCTNetwork (from `../node_modules/react-native`)
  - React/RCTText (from `../node_modules/react-native`)
  - React/RCTWebSocket (from `../node_modules/react-native`)

EXTERNAL SOURCES:
  React:
    :path: "../node_modules/react-native"

SPEC CHECKSUMS:
  React: ed545be51aeb5c3988abb0b17bf174b87aac1a17

PODFILE CHECKSUM: 576b29bbc5d6e91d9ffd3ec0c7e48ee48c0d2448

COCOAPODS: 1.0.0
